
Microsoft Visual Studio Solution File, Format Version 12.00
# Visual Studio Version 17
VisualStudioVersion = 17.14.36127.28 d17.14
MinimumVisualStudioVersion = 10.0.40219.1
Project("{FAE04EC0-301F-11D3-BF4B-00C04F79EFBC}") = "bddvpr1", "bddvpr1.csproj", "{688E397F-C00C-4243-9BD2-7A03C4D7681B}"
EndProject
Global
	GlobalSection(SolutionConfigurationPlatforms) = preSolution
		Debug|Any CPU = Debug|Any CPU
		Release|Any CPU = Release|Any CPU
	EndGlobalSection
	GlobalSection(ProjectConfigurationPlatforms) = postSolution
		{688E397F-C00C-4243-9BD2-7A03C4D7681B}.Debug|Any CPU.ActiveCfg = Debug|Any CPU
		{688E397F-C00C-4243-9BD2-7A03C4D7681B}.Debug|Any CPU.Build.0 = Debug|Any CPU
		{688E397F-C00C-4243-9BD2-7A03C4D7681B}.Release|Any CPU.ActiveCfg = Release|Any CPU
		{688E397F-C00C-4243-9BD2-7A03C4D7681B}.Release|Any CPU.Build.0 = Release|Any CPU
	EndGlobalSection
	GlobalSection(SolutionProperties) = preSolution
		HideSolutionNode = FALSE
	EndGlobalSection
	GlobalSection(ExtensibilityGlobals) = postSolution
		SolutionGuid = {E5273BA3-E935-4AEE-A092-EEC02C0325D5}
	EndGlobalSection
EndGlobal
